{
  "requires": true,
  "lockfileVersion": 1,
  "dependencies": {
    "reverse-polish-notation": {
      "version": "0.1.0",
      "resolved": "https://registry.npmjs.org/reverse-polish-notation/-/reverse-polish-notation-0.1.0.tgz",
      "integrity": "sha1-tSQoy/sFFIy2NM9QP9pPDFwAJ5Q="
    }
  }
}
